// !$*UTF8*$!
{
	archiveVersion = 1;
	classes = {
	};
	objectVersion = 46;
	objects = {

/* Begin PBXBuildFile section */
		27EB1E791E5FEA48001DA54F /* AppDelegate.swift in Sources */ = {isa = PBXBuildFile; fileRef = 27EB1E781E5FEA48001DA54F /* AppDelegate.swift */; };
		27EB1E7E1E5FEA48001DA54F /* Main.storyboard in Resources */ = {isa = PBXBuildFile; fileRef = 27EB1E7C1E5FEA48001DA54F /* Main.storyboard */; };
		27EB1E801E5FEA48001DA54F /* Assets.xcassets in Resources */ = {isa = PBXBuildFile; fileRef = 27EB1E7F1E5FEA48001DA54F /* Assets.xcassets */; };
		27EB1E831E5FEA48001DA54F /* LaunchScreen.storyboard in Resources */ = {isa = PBXBuildFile; fileRef = 27EB1E811E5FEA48001DA54F /* LaunchScreen.storyboard */; };
		27EB1E8C1E5FEC99001DA54F /* LoginViewController.swift in Sources */ = {isa = PBXBuildFile; fileRef = 27EB1E8B1E5FEC99001DA54F /* LoginViewController.swift */; };
		27EB1E8E1E5FF5EA001DA54F /* ChatViewController.swift in Sources */ = {isa = PBXBuildFile; fileRef = 27EB1E8D1E5FF5EA001DA54F /* ChatViewController.swift */; };
		AB8D08A8EE1FE762EB158DC4 /* Pods_ParseChat.framework in Frameworks */ = {isa = PBXBuildFile; fileRef = 0E108CD748AA9F66BDDE4CDE /* Pods_ParseChat.framework */; };
/* End PBXBuildFile section */

/* Begin PBXFileReference section */
		0E108CD748AA9F66BDDE4CDE /* Pods_ParseChat.framework */ = {isa = PBXFileReference; explicitFileType = wrapper.framework; includeInIndex = 0; path = Pods_ParseChat.framework; sourceTree = BUILT_PRODUCTS_DIR; };
		27EB1E751E5FEA48001DA54F /* ParseChat.app */ = {isa = PBXFileReference; explicitFileType = wrapper.application; includeInIndex = 0; path = ParseChat.app; sourceTree = BUILT_PRODUCTS_DIR; };
		27EB1E781E5FEA48001DA54F /* AppDelegate.swift */ = {isa = PBXFileReference; lastKnownFileType = sourcecode.swift; path = AppDelegate.swift; sourceTree = "<group>"; };
		27EB1E7D1E5FEA48001DA54F /* Base */ = {isa = PBXFileReference; lastKnownFileType = file.storyboard; name = Base; path = Base.lproj/Main.storyboard; sourceTree = "<group>"; };
		27EB1E7F1E5FEA48001DA54F /* Assets.xcassets */ = {isa = PBXFileReference; lastKnownFileType = folder.assetcatalog; path = Assets.xcassets; sourceTree = "<group>"; };
		27EB1E821E5FEA48001DA54F /* Base */ = {isa = PBXFileReference; lastKnownFileType = file.storyboard; name = Base; path = Base.lproj/LaunchScreen.storyboard; sourceTree = "<group>"; };
		27EB1E841E5FEA48001DA54F /* Info.plist */ = {isa = PBXFileReference; lastKnownFileType = text.plist.xml; path = Info.plist; sourceTree = "<group>"; };
		27EB1E8B1E5FEC99001DA54F /* LoginViewController.swift */ = {isa = PBXFileReference; fileEncoding = 4; lastKnownFileType = sourcecode.swift; path = LoginViewController.swift; sourceTree = "<group>"; };
		27EB1E8D1E5FF5EA001DA54F /* ChatViewController.swift */ = {isa = PBXFileReference; fileEncoding = 4; lastKnownFileType = sourcecode.swift; path = ChatViewController.swift; sourceTree = "<group>"; };
		30A14DBAEB9E25B3FEC6C8BD /* Pods-ParseChat.debug.xcconfig */ = {isa = PBXFileReference; includeInIndex = 1; lastKnownFileType = text.xcconfig; name = "Pods-ParseChat.debug.xcconfig"; path = "Pods/Target Support Files/Pods-ParseChat/Pods-ParseChat.debug.xcconfig"; sourceTree = "<group>"; };
		C61442AE405E44502697F749 /* Pods-ParseChat.release.xcconfig */ = {isa = PBXFileReference; includeInIndex = 1; lastKnownFileType = text.xcconfig; name = "Pods-ParseChat.release.xcconfig"; path = "Pods/Target Support Files/Pods-ParseChat/Pods-ParseChat.release.xcconfig"; sourceTree = "<group>"; };
/* End PBXFileReference section */

/* Begin PBXFrameworksBuildPhase section */
		27EB1E721E5FEA47001DA54F /* Frameworks */ = {
			isa = PBXFrameworksBuildPhase;
			buildActionMask = 2147483647;
			files = (
				AB8D08A8EE1FE762EB158DC4 /* Pods_ParseChat.framework in Frameworks */,
			);
			runOnlyForDeploymentPostprocessing = 0;
		};
/* End PBXFrameworksBuildPhase section */

/* Begin PBXGroup section */
		27EB1E6C1E5FEA47001DA54F = {
			isa = PBXGroup;
			children = (
				27EB1E771E5FEA48001DA54F /* ParseChat */,
				27EB1E761E5FEA48001DA54F /* Products */,
				31160A3024D5107E80DAF39E /* Pods */,
				910751FBCDFC22C6663D5D80 /* Frameworks */,
			);
			sourceTree = "<group>";
		};
		27EB1E761E5FEA48001DA54F /* Products */ = {
			isa = PBXGroup;
			children = (
				27EB1E751E5FEA48001DA54F /* ParseChat.app */,
			);
			name = Products;
			sourceTree = "<group>";
		};
		27EB1E771E5FEA48001DA54F /* ParseChat */ = {
			isa = PBXGroup;
			children = (
				27EB1E8A1E5FEC26001DA54F /* ViewControllers */,
				27EB1E781E5FEA48001DA54F /* AppDelegate.swift */,
				27EB1E7C1E5FEA48001DA54F /* Main.storyboard */,
				27EB1E7F1E5FEA48001DA54F /* Assets.xcassets */,
				27EB1E811E5FEA48001DA54F /* LaunchScreen.storyboard */,
				27EB1E841E5FEA48001DA54F /* Info.plist */,
			);
			path = ParseChat;
			sourceTree = "<group>";
		};
		27EB1E8A1E5FEC26001DA54F /* ViewControllers */ = {
			isa = PBXGroup;
			children = (
				27EB1E8B1E5FEC99001DA54F /* LoginViewController.swift */,
				27EB1E8D1E5FF5EA001DA54F /* ChatViewController.swift */,
			);
			name = ViewControllers;
			sourceTree = "<group>";
		};
		31160A3024D5107E80DAF39E /* Pods */ = {
			isa = PBXGroup;
			children = (
				30A14DBAEB9E25B3FEC6C8BD /* Pods-ParseChat.debug.xcconfig */,
				C61442AE405E44502697F749 /* Pods-ParseChat.release.xcconfig */,
			);
			name = Pods;
			sourceTree = "<group>";
		};
		910751FBCDFC22C6663D5D80 /* Frameworks */ = {
			isa = PBXGroup;
			children = (
				0E108CD748AA9F66BDDE4CDE /* Pods_ParseChat.framework */,
			);
			name = Frameworks;
			sourceTree = "<group>";
		};
/* End PBXGroup section */

/* Begin PBXNativeTarget section */
		27EB1E741E5FEA47001DA54F /* ParseChat */ = {
			isa = PBXNativeTarget;
			buildConfigurationList = 27EB1E871E5FEA48001DA54F /* Build configuration list for PBXNativeTarget "ParseChat" */;
			buildPhases = (
				D38C7ED7B6D12F729E153529 /* [CP] Check Pods Manifest.lock */,
				27EB1E711E5FEA47001DA54F /* Sources */,
				27EB1E721E5FEA47001DA54F /* Frameworks */,
				27EB1E731E5FEA47001DA54F /* Resources */,
				6D6110CFDCA1F73789446E8E /* [CP] Embed Pods Frameworks */,
				41DB97205B3568818E93BBE1 /* [CP] Copy Pods Resources */,
			);
			buildRules = (
			);
			dependencies = (
			);
			name = ParseChat;
			productName = ParseChat;
			productReference = 27EB1E751E5FEA48001DA54F /* ParseChat.app */;
			productType = "com.apple.product-type.application";
		};
/* End PBXNativeTarget section */

/* Begin PBXProject section */
		27EB1E6D1E5FEA47001DA54F /* Project object */ = {
			isa = PBXProject;
			attributes = {
				LastSwiftUpdateCheck = 0820;
				LastUpgradeCheck = 0820;
				ORGANIZATIONNAME = "Kyle Sit";
				TargetAttributes = {
					27EB1E741E5FEA47001DA54F = {
						CreatedOnToolsVersion = 8.2.1;
						ProvisioningStyle = Automatic;
					};
				};
			};
			buildConfigurationList = 27EB1E701E5FEA47001DA54F /* Build configuration list for PBXProject "ParseChat" */;
			compatibilityVersion = "Xcode 3.2";
			developmentRegion = English;
			hasScannedForEncodings = 0;
			knownRegions = (
				en,
				Base,
			);
			mainGroup = 27EB1E6C1E5FEA47001DA54F;
			productRefGroup = 27EB1E761E5FEA48001DA54F /* Products */;
			projectDirPath = "";
			projectRoot = "";
			targets = (
				27EB1E741E5FEA47001DA54F /* ParseChat */,
			);
		};
/* End PBXProject section */

/* Begin PBXResourcesBuildPhase section */
		27EB1E731E5FEA47001DA54F /* Resources */ = {
			isa = PBXResourcesBuildPhase;
			buildActionMask = 2147483647;
			files = (
				27EB1E831E5FEA48001DA54F /* LaunchScreen.storyboard in Resources */,
				27EB1E801E5FEA48001DA54F /* Assets.xcassets in Resources */,
				27EB1E7E1E5FEA48001DA54F /* Main.storyboard in Resources */,
			);
			runOnlyForDeploymentPostprocessing = 0;
		};
/* End PBXResourcesBuildPhase section */

/* Begin PBXShellScriptBuildPhase section */
		41DB97205B3568818E93BBE1 /* [CP] Copy Pods Resources */ = {
			isa = PBXShellScriptBuildPhase;
			buildActionMask = 2147483647;
			files = (
			);
			inputPaths = (
			);
			name = "[CP] Copy Pods Resources";
			outputPaths = (
			);
			runOnlyForDeploymentPostprocessing = 0;
			shellPath = /bin/sh;
			shellScript = "\"${SRCROOT}/Pods/Target Support Files/Pods-ParseChat/Pods-ParseChat-resources.sh\"\n";
			showEnvVarsInLog = 0;
		};
		6D6110CFDCA1F73789446E8E /* [CP] Embed Pods Frameworks */ = {
			isa = PBXShellScriptBuildPhase;
			buildActionMask = 2147483647;
			files = (
			);
			inputPaths = (
			);
			name = "[CP] Embed Pods Frameworks";
			outputPaths = (
			);
			runOnlyForDeploymentPostprocessing = 0;
			shellPath = /bin/sh;
			shellScript = "\"${SRCROOT}/Pods/Target Support Files/Pods-ParseChat/Pods-ParseChat-frameworks.sh\"\n";
			showEnvVarsInLog = 0;
		};
		D38C7ED7B6D12F729E153529 /* [CP] Check Pods Manifest.lock */ = {
			isa = PBXShellScriptBuildPhase;
			buildActionMask = 2147483647;
			files = (
			);
			inputPaths = (
			);
			name = "[CP] Check Pods Manifest.lock";
			outputPaths = (
			);
			runOnlyForDeploymentPostprocessing = 0;
			shellPath = /bin/sh;
			shellScript = "diff \"${PODS_ROOT}/../Podfile.lock\" \"${PODS_ROOT}/Manifest.lock\" > /dev/null\nif [ $? != 0 ] ; then\n    # print error to STDERR\n    echo \"error: The sandbox is not in sync with the Podfile.lock. Run 'pod install' or update your CocoaPods installation.\" >&2\n    exit 1\nfi\n";
			showEnvVarsInLog = 0;
		};
/* End PBXShellScriptBuildPhase section */

/* Begin PBXSourcesBuildPhase section */
		27EB1E711E5FEA47001DA54F /* Sources */ = {
			isa = PBXSourcesBuildPhase;
			buildActionMask = 2147483647;
			files = (
				27EB1E8C1E5FEC99001DA54F /* LoginViewController.swift in Sources */,
				27EB1E8E1E5FF5EA001DA54F /* ChatViewController.swift in Sources */,
				27EB1E791E5FEA48001DA54F /* AppDelegate.swift in Sources */,
			);
			runOnlyForDeploymentPostprocessing = 0;
		};
/* End PBXSourcesBuildPhase section */

/* Begin PBXVariantGroup section */
		27EB1E7C1E5FEA48001DA54F /* Main.storyboard */ = {
			isa = PBXVariantGroup;
			children = (
				27EB1E7D1E5FEA48001DA54F /* Base */,
			);
			name = Main.storyboard;
			sourceTree = "<group>";
		};
		27EB1E811E5FEA48001DA54F /* LaunchScreen.storyboard */ = {
			isa = PBXVariantGroup;
			children = (
				27EB1E821E5FEA48001DA54F /* Base */,
			);
			name = LaunchScreen.storyboard;
			sourceTree = "<group>";
		};
/* End PBXVariantGroup section */

/* Begin XCBuildConfiguration section */
		27EB1E851E5FEA48001DA54F /* Debug */ = {
			isa = XCBuildConfiguration;
			buildSettings = {
				ALWAYS_SEARCH_USER_PATHS = NO;
				CLANG_ANALYZER_NONNULL = YES;
				CLANG_CXX_LANGUAGE_STANDARD = "gnu++0x";
				CLANG_CXX_LIBRARY = "libc++";
				CLANG_ENABLE_MODULES = YES;
				CLANG_ENABLE_OBJC_ARC = YES;
				CLANG_WARN_BOOL_CONVERSION = YES;
				CLANG_WARN_CONSTANT_CONVERSION = YES;
				CLANG_WARN_DIRECT_OBJC_ISA_USAGE = YES_ERROR;
				CLANG_WARN_DOCUMENTATION_COMMENTS = YES;
				CLANG_WARN_EMPTY_BODY = YES;
				CLANG_WARN_ENUM_CONVERSION = YES;
				CLANG_WARN_INFINITE_RECURSION = YES;
				CLANG_WARN_INT_CONVERSION = YES;
				CLANG_WARN_OBJC_ROOT_CLASS = YES_ERROR;
				CLANG_WARN_SUSPICIOUS_MOVE = YES;
				CLANG_WARN_UNREACHABLE_CODE = YES;
				CLANG_WARN__DUPLICATE_METHOD_MATCH = YES;
				"CODE_SIGN_IDENTITY[sdk=iphoneos*]" = "iPhone Developer";
				COPY_PHASE_STRIP = NO;
				DEBUG_INFORMATION_FORMAT = dwarf;
				ENABLE_STRICT_OBJC_MSGSEND = YES;
				ENABLE_TESTABILITY = YES;
				GCC_C_LANGUAGE_STANDARD = gnu99;
				GCC_DYNAMIC_NO_PIC = NO;
				GCC_NO_COMMON_BLOCKS = YES;
				GCC_OPTIMIZATION_LEVEL = 0;
				GCC_PREPROCESSOR_DEFINITIONS = (
					"DEBUG=1",
					"$(inherited)",
				);
				GCC_WARN_64_TO_32_BIT_CONVERSION = YES;
				GCC_WARN_ABOUT_RETURN_TYPE = YES_ERROR;
				GCC_WARN_UNDECLARED_SELECTOR = YES;
				GCC_WARN_UNINITIALIZED_AUTOS = YES_AGGRESSIVE;
				GCC_WARN_UNUSED_FUNCTION = YES;
				GCC_WARN_UNUSED_VARIABLE = YES;
				IPHONEOS_DEPLOYMENT_TARGET = 10.2;
				MTL_ENABLE_DEBUG_INFO = YES;
				ONLY_ACTIVE_ARCH = YES;
				SDKROOT = iphoneos;
				SWIFT_ACTIVE_COMPILATION_CONDITIONS = DEBUG;
				SWIFT_OPTIMIZATION_LEVEL = "-Onone";
			};
			name = Debug;
		};
		27EB1E861E5FEA48001DA54F /* Release */ = {
			isa = XCBuildConfiguration;
			buildSettings = {
				ALWAYS_SEARCH_USER_PATHS = NO;
				CLANG_ANALYZER_NONNULL = YES;
				CLANG_CXX_LANGUAGE_STANDARD = "gnu++0x";
				CLANG_CXX_LIBRARY = "libc++";
				CLANG_ENABLE_MODULES = YES;
				CLANG_ENABLE_OBJC_ARC = YES;
				CLANG_WARN_BOOL_CONVERSION = YES;
				CLANG_WARN_CONSTANT_CONVERSION = YES;
				CLANG_WARN_DIRECT_OBJC_ISA_USAGE = YES_ERROR;
				CLANG_WARN_DOCUMENTATION_COMMENTS = YES;
				CLANG_WARN_EMPTY_BODY = YES;
				CLANG_WARN_ENUM_CONVERSION = YES;
				CLANG_WARN_INFINITE_RECURSION = YES;
				CLANG_WARN_INT_CONVERSION = YES;
				CLANG_WARN_OBJC_ROOT_CLASS = YES_ERROR;
				CLANG_WARN_SUSPICIOUS_MOVE = YES;
				CLANG_WARN_UNREACHABLE_CODE = YES;
				CLANG_WARN__DUPLICATE_METHOD_MATCH = YES;
				"CODE_SIGN_IDENTITY[sdk=iphoneos*]" = "iPhone Developer";
				COPY_PHASE_STRIP = NO;
				DEBUG_INFORMATION_FORMAT = "dwarf-with-dsym";
				ENABLE_NS_ASSERTIONS = NO;
				ENABLE_STRICT_OBJC_MSGSEND = YES;
				GCC_C_LANGUAGE_STANDARD = gnu99;
				GCC_NO_COMMON_BLOCKS = YES;
				GCC_WARN_64_TO_32_BIT_CONVERSION = YES;
				GCC_WARN_ABOUT_RETURN_TYPE = YES_ERROR;
				GCC_WARN_UNDECLARED_SELECTOR = YES;
				GCC_WARN_UNINITIALIZED_AUTOS = YES_AGGRESSIVE;
				GCC_WARN_UNUSED_FUNCTION = YES;
				GCC_WARN_UNUSED_VARIABLE = YES;
				IPHONEOS_DEPLOYMENT_TARGET = 10.2;
				MTL_ENABLE_DEBUG_INFO = NO;
				SDKROOT = iphoneos;
				SWIFT_OPTIMIZATION_LEVEL = "-Owholemodule";
				VALIDATE_PRODUCT = YES;
			};
			name = Release;
		};
		27EB1E881E5FEA48001DA54F /* Debug */ = {
			isa = XCBuildConfiguration;
			baseConfigurationReference = 30A14DBAEB9E25B3FEC6C8BD /* Pods-ParseChat.debug.xcconfig */;
			buildSettings = {
				ASSETCATALOG_COMPILER_APPICON_NAME = AppIcon;
				INFOPLIST_FILE = ParseChat/Info.plist;
				LD_RUNPATH_SEARCH_PATHS = "$(inherited) @executable_path/Frameworks";
				PRODUCT_BUNDLE_IDENTIFIER = com.kylesit.ParseChat;
				PRODUCT_NAME = "$(TARGET_NAME)";
				SWIFT_VERSION = 3.0;
			};
			name = Debug;
		};
		27EB1E891E5FEA48001DA54F /* Release */ = {
			isa = XCBuildConfiguration;
			baseConfigurationReference = C61442AE405E44502697F749 /* Pods-ParseChat.release.xcconfig */;
			buildSettings = {
				ASSETCATALOG_COMPILER_APPICON_NAME = AppIcon;
				INFOPLIST_FILE = ParseChat/Info.plist;
				LD_RUNPATH_SEARCH_PATHS = "$(inherited) @executable_path/Frameworks";
				PRODUCT_BUNDLE_IDENTIFIER = com.kylesit.ParseChat;
				PRODUCT_NAME = "$(TARGET_NAME)";
				SWIFT_VERSION = 3.0;
			};
			name = Release;
		};
/* End XCBuildConfiguration section */

/* Begin XCConfigurationList section */
		27EB1E701E5FEA47001DA54F /* Build configuration list for PBXProject "ParseChat" */ = {
			isa = XCConfigurationList;
			buildConfigurations = (
				27EB1E851E5FEA48001DA54F /* Debug */,
				27EB1E861E5FEA48001DA54F /* Release */,
			);
			defaultConfigurationIsVisible = 0;
			defaultConfigurationName = Release;
		};
		27EB1E871E5FEA48001DA54F /* Build configuration list for PBXNativeTarget "ParseChat" */ = {
			isa = XCConfigurationList;
			buildConfigurations = (
				27EB1E881E5FEA48001DA54F /* Debug */,
				27EB1E891E5FEA48001DA54F /* Release */,
			);
			defaultConfigurationIsVisible = 0;
			defaultConfigurationName = Release;
		};
/* End XCConfigurationList section */
	};
	rootObject = 27EB1E6D1E5FEA47001DA54F /* Project object */;
}
